
Microsoft Visual Studio Solution File, Format Version 12.00
# Visual Studio Version 16
VisualStudioVersion = 16.0.30011.22
MinimumVisualStudioVersion = 10.0.40219.1
Project("{FAE04EC0-301F-11D3-BF4B-00C04F79EFBC}") = "UMVC_Templates", "UMVC_Templates.csproj", "{3EEAD4EB-33F7-4CF9-98EF-869A704F3EFF}"
EndProject
Global
	GlobalSection(SolutionConfigurationPlatforms) = preSolution
		Debug|Any CPU = Debug|Any CPU
		Release|Any CPU = Release|Any CPU
	EndGlobalSection
	GlobalSection(ProjectConfigurationPlatforms) = postSolution
		{3EEAD4EB-33F7-4CF9-98EF-869A704F3EFF}.Debug|Any CPU.ActiveCfg = Debug|Any CPU
		{3EEAD4EB-33F7-4CF9-98EF-869A704F3EFF}.Debug|Any CPU.Build.0 = Debug|Any CPU
		{3EEAD4EB-33F7-4CF9-98EF-869A704F3EFF}.Release|Any CPU.ActiveCfg = Release|Any CPU
		{3EEAD4EB-33F7-4CF9-98EF-869A704F3EFF}.Release|Any CPU.Build.0 = Release|Any CPU
	EndGlobalSection
	GlobalSection(SolutionProperties) = preSolution
		HideSolutionNode = FALSE
	EndGlobalSection
	GlobalSection(ExtensibilityGlobals) = postSolution
		SolutionGuid = {16B8F20E-4A22-4575-B88E-A8E9E144D80C}
	EndGlobalSection
EndGlobal
