
Microsoft Visual Studio Solution File, Format Version 12.00
# Visual Studio Version 17
VisualStudioVersion = 17.7.34024.191
MinimumVisualStudioVersion = 10.0.40219.1
Project("{9A19103F-16F7-4668-BE54-9A1E7A4F7556}") = "MVC", "MVC\MVC.csproj", "{C588BFD9-8B97-44E7-91D4-9A1B3A26AAF0}"
EndProject
Project("{9A19103F-16F7-4668-BE54-9A1E7A4F7556}") = "Generation", "Generation\Generation.csproj", "{427F3B0C-C22A-4787-B62B-4C88CD99B9A2}"
	ProjectSection(ProjectDependencies) = postProject
		{2EDC5796-3284-4EC0-96AC-521288D5144B} = {2EDC5796-3284-4EC0-96AC-521288D5144B}
		{2734C74D-F5F8-4B8E-8B19-16209153402E} = {2734C74D-F5F8-4B8E-8B19-16209153402E}
	EndProjectSection
EndProject
Project("{9A19103F-16F7-4668-BE54-9A1E7A4F7556}") = "Templates", "Templates\Templates.csproj", "{2734C74D-F5F8-4B8E-8B19-16209153402E}"
EndProject
Project("{9A19103F-16F7-4668-BE54-9A1E7A4F7556}") = "TestTemplates", "TestTemplates\TestTemplates.csproj", "{C94C47E2-97DF-4D03-AE00-D685894D8419}"
	ProjectSection(ProjectDependencies) = postProject
		{2EDC5796-3284-4EC0-96AC-521288D5144B} = {2EDC5796-3284-4EC0-96AC-521288D5144B}
	EndProjectSection
EndProject
Project("{9A19103F-16F7-4668-BE54-9A1E7A4F7556}") = "Tests", "Tests\Tests.csproj", "{CBF9778F-CBB0-49CB-B8D2-D9BC113F25E0}"
EndProject
Project("{9A19103F-16F7-4668-BE54-9A1E7A4F7556}") = "Components", "Components\Components.csproj", "{2EDC5796-3284-4EC0-96AC-521288D5144B}"
EndProject
Project("{9A19103F-16F7-4668-BE54-9A1E7A4F7556}") = "UnityEngine.Mock", "UnityEngine.Mock\UnityEngine.Mock.csproj", "{39DFD947-1B1E-4179-8A08-2C928E6341BC}"
EndProject
Global
	GlobalSection(SolutionConfigurationPlatforms) = preSolution
		Debug|Any CPU = Debug|Any CPU
		Release|Any CPU = Release|Any CPU
	EndGlobalSection
	GlobalSection(ProjectConfigurationPlatforms) = postSolution
		{C588BFD9-8B97-44E7-91D4-9A1B3A26AAF0}.Debug|Any CPU.ActiveCfg = Debug|Any CPU
		{C588BFD9-8B97-44E7-91D4-9A1B3A26AAF0}.Debug|Any CPU.Build.0 = Debug|Any CPU
		{C588BFD9-8B97-44E7-91D4-9A1B3A26AAF0}.Release|Any CPU.ActiveCfg = Release|Any CPU
		{C588BFD9-8B97-44E7-91D4-9A1B3A26AAF0}.Release|Any CPU.Build.0 = Release|Any CPU
		{427F3B0C-C22A-4787-B62B-4C88CD99B9A2}.Debug|Any CPU.ActiveCfg = Debug|Any CPU
		{427F3B0C-C22A-4787-B62B-4C88CD99B9A2}.Debug|Any CPU.Build.0 = Debug|Any CPU
		{427F3B0C-C22A-4787-B62B-4C88CD99B9A2}.Release|Any CPU.ActiveCfg = Release|Any CPU
		{427F3B0C-C22A-4787-B62B-4C88CD99B9A2}.Release|Any CPU.Build.0 = Release|Any CPU
		{2734C74D-F5F8-4B8E-8B19-16209153402E}.Debug|Any CPU.ActiveCfg = Debug|Any CPU
		{2734C74D-F5F8-4B8E-8B19-16209153402E}.Debug|Any CPU.Build.0 = Debug|Any CPU
		{2734C74D-F5F8-4B8E-8B19-16209153402E}.Release|Any CPU.ActiveCfg = Release|Any CPU
		{2734C74D-F5F8-4B8E-8B19-16209153402E}.Release|Any CPU.Build.0 = Release|Any CPU
		{C94C47E2-97DF-4D03-AE00-D685894D8419}.Debug|Any CPU.ActiveCfg = Debug|Any CPU
		{C94C47E2-97DF-4D03-AE00-D685894D8419}.Debug|Any CPU.Build.0 = Debug|Any CPU
		{C94C47E2-97DF-4D03-AE00-D685894D8419}.Release|Any CPU.ActiveCfg = Release|Any CPU
		{C94C47E2-97DF-4D03-AE00-D685894D8419}.Release|Any CPU.Build.0 = Release|Any CPU
		{CBF9778F-CBB0-49CB-B8D2-D9BC113F25E0}.Debug|Any CPU.ActiveCfg = Debug|Any CPU
		{CBF9778F-CBB0-49CB-B8D2-D9BC113F25E0}.Debug|Any CPU.Build.0 = Debug|Any CPU
		{CBF9778F-CBB0-49CB-B8D2-D9BC113F25E0}.Release|Any CPU.ActiveCfg = Release|Any CPU
		{CBF9778F-CBB0-49CB-B8D2-D9BC113F25E0}.Release|Any CPU.Build.0 = Release|Any CPU
		{2EDC5796-3284-4EC0-96AC-521288D5144B}.Debug|Any CPU.ActiveCfg = Debug|Any CPU
		{2EDC5796-3284-4EC0-96AC-521288D5144B}.Debug|Any CPU.Build.0 = Debug|Any CPU
		{2EDC5796-3284-4EC0-96AC-521288D5144B}.Release|Any CPU.ActiveCfg = Release|Any CPU
		{2EDC5796-3284-4EC0-96AC-521288D5144B}.Release|Any CPU.Build.0 = Release|Any CPU
		{39DFD947-1B1E-4179-8A08-2C928E6341BC}.Debug|Any CPU.ActiveCfg = Debug|Any CPU
		{39DFD947-1B1E-4179-8A08-2C928E6341BC}.Debug|Any CPU.Build.0 = Debug|Any CPU
		{39DFD947-1B1E-4179-8A08-2C928E6341BC}.Release|Any CPU.ActiveCfg = Release|Any CPU
		{39DFD947-1B1E-4179-8A08-2C928E6341BC}.Release|Any CPU.Build.0 = Release|Any CPU
	EndGlobalSection
	GlobalSection(SolutionProperties) = preSolution
		HideSolutionNode = FALSE
	EndGlobalSection
	GlobalSection(ExtensibilityGlobals) = postSolution
		SolutionGuid = {B2453136-9C7E-4BB5-95E0-6C7C3427D677}
	EndGlobalSection
EndGlobal
