
Microsoft Visual Studio Solution File, Format Version 12.00
# Visual Studio Version 16
VisualStudioVersion = 16.0.30011.22
MinimumVisualStudioVersion = 10.0.40219.1
Project("{FAE04EC0-301F-11D3-BF4B-00C04F79EFBC}") = "Tests", "Tests\Tests.csproj", "{80941A73-4E8C-4F9B-8859-D14531BBB811}"
EndProject
Project("{FAE04EC0-301F-11D3-BF4B-00C04F79EFBC}") = "MVC", "MVC\MVC.csproj", "{C588BFD9-8B97-44E7-91D4-9A1B3A26AAF0}"
EndProject
Project("{FAE04EC0-301F-11D3-BF4B-00C04F79EFBC}") = "Generation", "Generation\Generation.csproj", "{427F3B0C-C22A-4787-B62B-4C88CD99B9A2}"
EndProject
Project("{FAE04EC0-301F-11D3-BF4B-00C04F79EFBC}") = "Templates", "Templates\Templates.csproj", "{2734C74D-F5F8-4B8E-8B19-16209153402E}"
EndProject
Project("{FAE04EC0-301F-11D3-BF4B-00C04F79EFBC}") = "TestTemplates", "TestTemplates\TestTemplates.csproj", "{C94C47E2-97DF-4D03-AE00-D685894D8419}"
EndProject
Global
	GlobalSection(SolutionConfigurationPlatforms) = preSolution
		Debug|Any CPU = Debug|Any CPU
		Release|Any CPU = Release|Any CPU
	EndGlobalSection
	GlobalSection(ProjectConfigurationPlatforms) = postSolution
		{80941A73-4E8C-4F9B-8859-D14531BBB811}.Debug|Any CPU.ActiveCfg = Debug|Any CPU
		{80941A73-4E8C-4F9B-8859-D14531BBB811}.Debug|Any CPU.Build.0 = Debug|Any CPU
		{80941A73-4E8C-4F9B-8859-D14531BBB811}.Release|Any CPU.ActiveCfg = Release|Any CPU
		{80941A73-4E8C-4F9B-8859-D14531BBB811}.Release|Any CPU.Build.0 = Release|Any CPU
		{C588BFD9-8B97-44E7-91D4-9A1B3A26AAF0}.Debug|Any CPU.ActiveCfg = Debug|Any CPU
		{C588BFD9-8B97-44E7-91D4-9A1B3A26AAF0}.Debug|Any CPU.Build.0 = Debug|Any CPU
		{C588BFD9-8B97-44E7-91D4-9A1B3A26AAF0}.Release|Any CPU.ActiveCfg = Release|Any CPU
		{C588BFD9-8B97-44E7-91D4-9A1B3A26AAF0}.Release|Any CPU.Build.0 = Release|Any CPU
		{427F3B0C-C22A-4787-B62B-4C88CD99B9A2}.Debug|Any CPU.ActiveCfg = Debug|Any CPU
		{427F3B0C-C22A-4787-B62B-4C88CD99B9A2}.Debug|Any CPU.Build.0 = Debug|Any CPU
		{427F3B0C-C22A-4787-B62B-4C88CD99B9A2}.Release|Any CPU.ActiveCfg = Release|Any CPU
		{427F3B0C-C22A-4787-B62B-4C88CD99B9A2}.Release|Any CPU.Build.0 = Release|Any CPU
		{2734C74D-F5F8-4B8E-8B19-16209153402E}.Debug|Any CPU.ActiveCfg = Debug|Any CPU
		{2734C74D-F5F8-4B8E-8B19-16209153402E}.Debug|Any CPU.Build.0 = Debug|Any CPU
		{2734C74D-F5F8-4B8E-8B19-16209153402E}.Release|Any CPU.ActiveCfg = Release|Any CPU
		{2734C74D-F5F8-4B8E-8B19-16209153402E}.Release|Any CPU.Build.0 = Release|Any CPU
		{C94C47E2-97DF-4D03-AE00-D685894D8419}.Debug|Any CPU.ActiveCfg = Debug|Any CPU
		{C94C47E2-97DF-4D03-AE00-D685894D8419}.Debug|Any CPU.Build.0 = Debug|Any CPU
		{C94C47E2-97DF-4D03-AE00-D685894D8419}.Release|Any CPU.ActiveCfg = Release|Any CPU
		{C94C47E2-97DF-4D03-AE00-D685894D8419}.Release|Any CPU.Build.0 = Release|Any CPU
	EndGlobalSection
	GlobalSection(SolutionProperties) = preSolution
		HideSolutionNode = FALSE
	EndGlobalSection
	GlobalSection(ExtensibilityGlobals) = postSolution
		SolutionGuid = {B2453136-9C7E-4BB5-95E0-6C7C3427D677}
	EndGlobalSection
EndGlobal
